PODS:
  - Alamofire (4.9.1)
  - RWAutoTagViewSwift (0.0.3)

DEPENDENCIES:
  - Alamofire
  - RWAutoTagViewSwift (~> 0.0.3)

SPEC REPOS:
  trunk:
    - Alamofire
    - RWAutoTagViewSwift

SPEC CHECKSUMS:
  Alamofire: 85e8a02c69d6020a0d734f6054870d7ecb75cf18
  RWAutoTagViewSwift: 4b520413dc80f5affb6430ccf61bf200e9845fb1

PODFILE CHECKSUM: 2941401cf2536fb674ab259e4f7555d89bf93a14

COCOAPODS: 1.8.0
