PODS:
  - Alamofire (4.9.1)
  - RWAutoTagViewSwift (0.0.5)

DEPENDENCIES:
  - Alamofire
  - RWAutoTagViewSwift (~> 0.0.5)

SPEC REPOS:
  trunk:
    - Alamofire
    - RWAutoTagViewSwift

SPEC CHECKSUMS:
  Alamofire: 85e8a02c69d6020a0d734f6054870d7ecb75cf18
  RWAutoTagViewSwift: 686d3e318d8d9e410465563e69bc2e8239ff6196

PODFILE CHECKSUM: 6d07488be51d091adb8a423453ea0b62088cac0a

COCOAPODS: 1.8.0
