// !$*UTF8*$!
{
	archiveVersion = 1;
	classes = {
	};
	objectVersion = 51;
	objects = {

/* Begin PBXBuildFile section */
		3798F5EB344C03AEA8DB3407 /* Pods_RWAutoTagViewSwiftDemo.framework in Frameworks */ = {isa = PBXBuildFile; fileRef = B7498BBEBC0151184ED3385D /* Pods_RWAutoTagViewSwiftDemo.framework */; };
		B681D457238E173C002DDBB4 /* AppDelegate.swift in Sources */ = {isa = PBXBuildFile; fileRef = B681D456238E173C002DDBB4 /* AppDelegate.swift */; };
		B681D459238E173C002DDBB4 /* SceneDelegate.swift in Sources */ = {isa = PBXBuildFile; fileRef = B681D458238E173C002DDBB4 /* SceneDelegate.swift */; };
		B681D45B238E173C002DDBB4 /* ViewController.swift in Sources */ = {isa = PBXBuildFile; fileRef = B681D45A238E173C002DDBB4 /* ViewController.swift */; };
		B681D45E238E173C002DDBB4 /* Main.storyboard in Resources */ = {isa = PBXBuildFile; fileRef = B681D45C238E173C002DDBB4 /* Main.storyboard */; };
		B681D460238E173F002DDBB4 /* Assets.xcassets in Resources */ = {isa = PBXBuildFile; fileRef = B681D45F238E173F002DDBB4 /* Assets.xcassets */; };
		B681D463238E173F002DDBB4 /* LaunchScreen.storyboard in Resources */ = {isa = PBXBuildFile; fileRef = B681D461238E173F002DDBB4 /* LaunchScreen.storyboard */; };
/* End PBXBuildFile section */

/* Begin PBXFileReference section */
		42A8E27CAEBA37EE99378928 /* Pods-RWAutoTagViewSwiftDemo.debug.xcconfig */ = {isa = PBXFileReference; includeInIndex = 1; lastKnownFileType = text.xcconfig; name = "Pods-RWAutoTagViewSwiftDemo.debug.xcconfig"; path = "Target Support Files/Pods-RWAutoTagViewSwiftDemo/Pods-RWAutoTagViewSwiftDemo.debug.xcconfig"; sourceTree = "<group>"; };
		8619500866376287C8FC6E74 /* Pods-RWAutoTagViewSwiftDemo.release.xcconfig */ = {isa = PBXFileReference; includeInIndex = 1; lastKnownFileType = text.xcconfig; name = "Pods-RWAutoTagViewSwiftDemo.release.xcconfig"; path = "Target Support Files/Pods-RWAutoTagViewSwiftDemo/Pods-RWAutoTagViewSwiftDemo.release.xcconfig"; sourceTree = "<group>"; };
		B681D453238E173C002DDBB4 /* RWAutoTagViewSwiftDemo.app */ = {isa = PBXFileReference; explicitFileType = wrapper.application; includeInIndex = 0; path = RWAutoTagViewSwiftDemo.app; sourceTree = BUILT_PRODUCTS_DIR; };
		B681D456238E173C002DDBB4 /* AppDelegate.swift */ = {isa = PBXFileReference; lastKnownFileType = sourcecode.swift; path = AppDelegate.swift; sourceTree = "<group>"; };
		B681D458238E173C002DDBB4 /* SceneDelegate.swift */ = {isa = PBXFileReference; lastKnownFileType = sourcecode.swift; path = SceneDelegate.swift; sourceTree = "<group>"; };
		B681D45A238E173C002DDBB4 /* ViewController.swift */ = {isa = PBXFileReference; lastKnownFileType = sourcecode.swift; path = ViewController.swift; sourceTree = "<group>"; };
		B681D45D238E173C002DDBB4 /* Base */ = {isa = PBXFileReference; lastKnownFileType = file.storyboard; name = Base; path = Base.lproj/Main.storyboard; sourceTree = "<group>"; };
		B681D45F238E173F002DDBB4 /* Assets.xcassets */ = {isa = PBXFileReference; lastKnownFileType = folder.assetcatalog; path = Assets.xcassets; sourceTree = "<group>"; };
		B681D462238E173F002DDBB4 /* Base */ = {isa = PBXFileReference; lastKnownFileType = file.storyboard; name = Base; path = Base.lproj/LaunchScreen.storyboard; sourceTree = "<group>"; };
		B681D464238E173F002DDBB4 /* Info.plist */ = {isa = PBXFileReference; lastKnownFileType = text.plist.xml; path = Info.plist; sourceTree = "<group>"; };
		B7498BBEBC0151184ED3385D /* Pods_RWAutoTagViewSwiftDemo.framework */ = {isa = PBXFileReference; explicitFileType = wrapper.framework; includeInIndex = 0; path = Pods_RWAutoTagViewSwiftDemo.framework; sourceTree = BUILT_PRODUCTS_DIR; };
/* End PBXFileReference section */

/* Begin PBXFrameworksBuildPhase section */
		B681D450238E173C002DDBB4 /* Frameworks */ = {
			isa = PBXFrameworksBuildPhase;
			buildActionMask = 2147483647;
			files = (
				3798F5EB344C03AEA8DB3407 /* Pods_RWAutoTagViewSwiftDemo.framework in Frameworks */,
			);
			runOnlyForDeploymentPostprocessing = 0;
		};
/* End PBXFrameworksBuildPhase section */

/* Begin PBXGroup section */
		62D2FB45EB05B066F45BF63B /* Pods */ = {
			isa = PBXGroup;
			children = (
				42A8E27CAEBA37EE99378928 /* Pods-RWAutoTagViewSwiftDemo.debug.xcconfig */,
				8619500866376287C8FC6E74 /* Pods-RWAutoTagViewSwiftDemo.release.xcconfig */,
			);
			path = Pods;
			sourceTree = "<group>";
		};
		664174C392F30A8BB563A4F6 /* Frameworks */ = {
			isa = PBXGroup;
			children = (
				B7498BBEBC0151184ED3385D /* Pods_RWAutoTagViewSwiftDemo.framework */,
			);
			name = Frameworks;
			sourceTree = "<group>";
		};
		B681D44A238E173C002DDBB4 = {
			isa = PBXGroup;
			children = (
				B681D455238E173C002DDBB4 /* RWAutoTagViewSwiftDemo */,
				B681D454238E173C002DDBB4 /* Products */,
				62D2FB45EB05B066F45BF63B /* Pods */,
				664174C392F30A8BB563A4F6 /* Frameworks */,
			);
			sourceTree = "<group>";
		};
		B681D454238E173C002DDBB4 /* Products */ = {
			isa = PBXGroup;
			children = (
				B681D453238E173C002DDBB4 /* RWAutoTagViewSwiftDemo.app */,
			);
			name = Products;
			sourceTree = "<group>";
		};
		B681D455238E173C002DDBB4 /* RWAutoTagViewSwiftDemo */ = {
			isa = PBXGroup;
			children = (
				B681D456238E173C002DDBB4 /* AppDelegate.swift */,
				B681D458238E173C002DDBB4 /* SceneDelegate.swift */,
				B681D45A238E173C002DDBB4 /* ViewController.swift */,
				B681D45C238E173C002DDBB4 /* Main.storyboard */,
				B681D45F238E173F002DDBB4 /* Assets.xcassets */,
				B681D461238E173F002DDBB4 /* LaunchScreen.storyboard */,
				B681D464238E173F002DDBB4 /* Info.plist */,
			);
			path = RWAutoTagViewSwiftDemo;
			sourceTree = "<group>";
		};
/* End PBXGroup section */

/* Begin PBXNativeTarget section */
		B681D452238E173C002DDBB4 /* RWAutoTagViewSwiftDemo */ = {
			isa = PBXNativeTarget;
			buildConfigurationList = B681D467238E173F002DDBB4 /* Build configuration list for PBXNativeTarget "RWAutoTagViewSwiftDemo" */;
			buildPhases = (
				540D325C7E564075796B149E /* [CP] Check Pods Manifest.lock */,
				B681D44F238E173C002DDBB4 /* Sources */,
				B681D450238E173C002DDBB4 /* Frameworks */,
				B681D451238E173C002DDBB4 /* Resources */,
				434A1A990E33A2475ED87ECB /* [CP] Embed Pods Frameworks */,
			);
			buildRules = (
			);
			dependencies = (
			);
			name = RWAutoTagViewSwiftDemo;
			productName = RWAutoTagViewSwiftDemo;
			productReference = B681D453238E173C002DDBB4 /* RWAutoTagViewSwiftDemo.app */;
			productType = "com.apple.product-type.application";
		};
/* End PBXNativeTarget section */

/* Begin PBXProject section */
		B681D44B238E173C002DDBB4 /* Project object */ = {
			isa = PBXProject;
			attributes = {
				LastSwiftUpdateCheck = 1120;
				LastUpgradeCheck = 1120;
				ORGANIZATIONNAME = RoverWord;
				TargetAttributes = {
					B681D452238E173C002DDBB4 = {
						CreatedOnToolsVersion = 11.2.1;
					};
				};
			};
			buildConfigurationList = B681D44E238E173C002DDBB4 /* Build configuration list for PBXProject "RWAutoTagViewSwiftDemo" */;
			compatibilityVersion = "Xcode 9.3";
			developmentRegion = en;
			hasScannedForEncodings = 0;
			knownRegions = (
				en,
				Base,
			);
			mainGroup = B681D44A238E173C002DDBB4;
			productRefGroup = B681D454238E173C002DDBB4 /* Products */;
			projectDirPath = "";
			projectRoot = "";
			targets = (
				B681D452238E173C002DDBB4 /* RWAutoTagViewSwiftDemo */,
			);
		};
/* End PBXProject section */

/* Begin PBXResourcesBuildPhase section */
		B681D451238E173C002DDBB4 /* Resources */ = {
			isa = PBXResourcesBuildPhase;
			buildActionMask = 2147483647;
			files = (
				B681D463238E173F002DDBB4 /* LaunchScreen.storyboard in Resources */,
				B681D460238E173F002DDBB4 /* Assets.xcassets in Resources */,
				B681D45E238E173C002DDBB4 /* Main.storyboard in Resources */,
			);
			runOnlyForDeploymentPostprocessing = 0;
		};
/* End PBXResourcesBuildPhase section */

/* Begin PBXShellScriptBuildPhase section */
		434A1A990E33A2475ED87ECB /* [CP] Embed Pods Frameworks */ = {
			isa = PBXShellScriptBuildPhase;
			buildActionMask = 2147483647;
			files = (
			);
			inputFileListPaths = (
				"${PODS_ROOT}/Target Support Files/Pods-RWAutoTagViewSwiftDemo/Pods-RWAutoTagViewSwiftDemo-frameworks-${CONFIGURATION}-input-files.xcfilelist",
			);
			name = "[CP] Embed Pods Frameworks";
			outputFileListPaths = (
				"${PODS_ROOT}/Target Support Files/Pods-RWAutoTagViewSwiftDemo/Pods-RWAutoTagViewSwiftDemo-frameworks-${CONFIGURATION}-output-files.xcfilelist",
			);
			runOnlyForDeploymentPostprocessing = 0;
			shellPath = /bin/sh;
			shellScript = "\"${PODS_ROOT}/Target Support Files/Pods-RWAutoTagViewSwiftDemo/Pods-RWAutoTagViewSwiftDemo-frameworks.sh\"\n";
			showEnvVarsInLog = 0;
		};
		540D325C7E564075796B149E /* [CP] Check Pods Manifest.lock */ = {
			isa = PBXShellScriptBuildPhase;
			buildActionMask = 2147483647;
			files = (
			);
			inputFileListPaths = (
			);
			inputPaths = (
				"${PODS_PODFILE_DIR_PATH}/Podfile.lock",
				"${PODS_ROOT}/Manifest.lock",
			);
			name = "[CP] Check Pods Manifest.lock";
			outputFileListPaths = (
			);
			outputPaths = (
				"$(DERIVED_FILE_DIR)/Pods-RWAutoTagViewSwiftDemo-checkManifestLockResult.txt",
			);
			runOnlyForDeploymentPostprocessing = 0;
			shellPath = /bin/sh;
			shellScript = "diff \"${PODS_PODFILE_DIR_PATH}/Podfile.lock\" \"${PODS_ROOT}/Manifest.lock\" > /dev/null\nif [ $? != 0 ] ; then\n    # print error to STDERR\n    echo \"error: The sandbox is not in sync with the Podfile.lock. Run 'pod install' or update your CocoaPods installation.\" >&2\n    exit 1\nfi\n# This output is used by Xcode 'outputs' to avoid re-running this script phase.\necho \"SUCCESS\" > \"${SCRIPT_OUTPUT_FILE_0}\"\n";
			showEnvVarsInLog = 0;
		};
/* End PBXShellScriptBuildPhase section */

/* Begin PBXSourcesBuildPhase section */
		B681D44F238E173C002DDBB4 /* Sources */ = {
			isa = PBXSourcesBuildPhase;
			buildActionMask = 2147483647;
			files = (
				B681D45B238E173C002DDBB4 /* ViewController.swift in Sources */,
				B681D457238E173C002DDBB4 /* AppDelegate.swift in Sources */,
				B681D459238E173C002DDBB4 /* SceneDelegate.swift in Sources */,
			);
			runOnlyForDeploymentPostprocessing = 0;
		};
/* End PBXSourcesBuildPhase section */

/* Begin PBXVariantGroup section */
		B681D45C238E173C002DDBB4 /* Main.storyboard */ = {
			isa = PBXVariantGroup;
			children = (
				B681D45D238E173C002DDBB4 /* Base */,
			);
			name = Main.storyboard;
			sourceTree = "<group>";
		};
		B681D461238E173F002DDBB4 /* LaunchScreen.storyboard */ = {
			isa = PBXVariantGroup;
			children = (
				B681D462238E173F002DDBB4 /* Base */,
			);
			name = LaunchScreen.storyboard;
			sourceTree = "<group>";
		};
/* End PBXVariantGroup section */

/* Begin XCBuildConfiguration section */
		B681D465238E173F002DDBB4 /* Debug */ = {
			isa = XCBuildConfiguration;
			buildSettings = {
				ALWAYS_SEARCH_USER_PATHS = NO;
				CLANG_ANALYZER_NONNULL = YES;
				CLANG_ANALYZER_NUMBER_OBJECT_CONVERSION = YES_AGGRESSIVE;
				CLANG_CXX_LANGUAGE_STANDARD = "gnu++14";
				CLANG_CXX_LIBRARY = "libc++";
				CLANG_ENABLE_MODULES = YES;
				CLANG_ENABLE_OBJC_ARC = YES;
				CLANG_ENABLE_OBJC_WEAK = YES;
				CLANG_WARN_BLOCK_CAPTURE_AUTORELEASING = YES;
				CLANG_WARN_BOOL_CONVERSION = YES;
				CLANG_WARN_COMMA = YES;
				CLANG_WARN_CONSTANT_CONVERSION = YES;
				CLANG_WARN_DEPRECATED_OBJC_IMPLEMENTATIONS = YES;
				CLANG_WARN_DIRECT_OBJC_ISA_USAGE = YES_ERROR;
				CLANG_WARN_DOCUMENTATION_COMMENTS = YES;
				CLANG_WARN_EMPTY_BODY = YES;
				CLANG_WARN_ENUM_CONVERSION = YES;
				CLANG_WARN_INFINITE_RECURSION = YES;
				CLANG_WARN_INT_CONVERSION = YES;
				CLANG_WARN_NON_LITERAL_NULL_CONVERSION = YES;
				CLANG_WARN_OBJC_IMPLICIT_RETAIN_SELF = YES;
				CLANG_WARN_OBJC_LITERAL_CONVERSION = YES;
				CLANG_WARN_OBJC_ROOT_CLASS = YES_ERROR;
				CLANG_WARN_RANGE_LOOP_ANALYSIS = YES;
				CLANG_WARN_STRICT_PROTOTYPES = YES;
				CLANG_WARN_SUSPICIOUS_MOVE = YES;
				CLANG_WARN_UNGUARDED_AVAILABILITY = YES_AGGRESSIVE;
				CLANG_WARN_UNREACHABLE_CODE = YES;
				CLANG_WARN__DUPLICATE_METHOD_MATCH = YES;
				COPY_PHASE_STRIP = NO;
				DEBUG_INFORMATION_FORMAT = dwarf;
				ENABLE_STRICT_OBJC_MSGSEND = YES;
				ENABLE_TESTABILITY = YES;
				GCC_C_LANGUAGE_STANDARD = gnu11;
				GCC_DYNAMIC_NO_PIC = NO;
				GCC_NO_COMMON_BLOCKS = YES;
				GCC_OPTIMIZATION_LEVEL = 0;
				GCC_PREPROCESSOR_DEFINITIONS = (
					"DEBUG=1",
					"$(inherited)",
				);
				GCC_WARN_64_TO_32_BIT_CONVERSION = YES;
				GCC_WARN_ABOUT_RETURN_TYPE = YES_ERROR;
				GCC_WARN_UNDECLARED_SELECTOR = YES;
				GCC_WARN_UNINITIALIZED_AUTOS = YES_AGGRESSIVE;
				GCC_WARN_UNUSED_FUNCTION = YES;
				GCC_WARN_UNUSED_VARIABLE = YES;
				IPHONEOS_DEPLOYMENT_TARGET = 9.0;
				MTL_ENABLE_DEBUG_INFO = INCLUDE_SOURCE;
				MTL_FAST_MATH = YES;
				ONLY_ACTIVE_ARCH = YES;
				SDKROOT = iphoneos;
				SWIFT_ACTIVE_COMPILATION_CONDITIONS = DEBUG;
				SWIFT_OPTIMIZATION_LEVEL = "-Onone";
			};
			name = Debug;
		};
		B681D466238E173F002DDBB4 /* Release */ = {
			isa = XCBuildConfiguration;
			buildSettings = {
				ALWAYS_SEARCH_USER_PATHS = NO;
				CLANG_ANALYZER_NONNULL = YES;
				CLANG_ANALYZER_NUMBER_OBJECT_CONVERSION = YES_AGGRESSIVE;
				CLANG_CXX_LANGUAGE_STANDARD = "gnu++14";
				CLANG_CXX_LIBRARY = "libc++";
				CLANG_ENABLE_MODULES = YES;
				CLANG_ENABLE_OBJC_ARC = YES;
				CLANG_ENABLE_OBJC_WEAK = YES;
				CLANG_WARN_BLOCK_CAPTURE_AUTORELEASING = YES;
				CLANG_WARN_BOOL_CONVERSION = YES;
				CLANG_WARN_COMMA = YES;
				CLANG_WARN_CONSTANT_CONVERSION = YES;
				CLANG_WARN_DEPRECATED_OBJC_IMPLEMENTATIONS = YES;
				CLANG_WARN_DIRECT_OBJC_ISA_USAGE = YES_ERROR;
				CLANG_WARN_DOCUMENTATION_COMMENTS = YES;
				CLANG_WARN_EMPTY_BODY = YES;
				CLANG_WARN_ENUM_CONVERSION = YES;
				CLANG_WARN_INFINITE_RECURSION = YES;
				CLANG_WARN_INT_CONVERSION = YES;
				CLANG_WARN_NON_LITERAL_NULL_CONVERSION = YES;
				CLANG_WARN_OBJC_IMPLICIT_RETAIN_SELF = YES;
				CLANG_WARN_OBJC_LITERAL_CONVERSION = YES;
				CLANG_WARN_OBJC_ROOT_CLASS = YES_ERROR;
				CLANG_WARN_RANGE_LOOP_ANALYSIS = YES;
				CLANG_WARN_STRICT_PROTOTYPES = YES;
				CLANG_WARN_SUSPICIOUS_MOVE = YES;
				CLANG_WARN_UNGUARDED_AVAILABILITY = YES_AGGRESSIVE;
				CLANG_WARN_UNREACHABLE_CODE = YES;
				CLANG_WARN__DUPLICATE_METHOD_MATCH = YES;
				COPY_PHASE_STRIP = NO;
				DEBUG_INFORMATION_FORMAT = "dwarf-with-dsym";
				ENABLE_NS_ASSERTIONS = NO;
				ENABLE_STRICT_OBJC_MSGSEND = YES;
				GCC_C_LANGUAGE_STANDARD = gnu11;
				GCC_NO_COMMON_BLOCKS = YES;
				GCC_WARN_64_TO_32_BIT_CONVERSION = YES;
				GCC_WARN_ABOUT_RETURN_TYPE = YES_ERROR;
				GCC_WARN_UNDECLARED_SELECTOR = YES;
				GCC_WARN_UNINITIALIZED_AUTOS = YES_AGGRESSIVE;
				GCC_WARN_UNUSED_FUNCTION = YES;
				GCC_WARN_UNUSED_VARIABLE = YES;
				IPHONEOS_DEPLOYMENT_TARGET = 9.0;
				MTL_ENABLE_DEBUG_INFO = NO;
				MTL_FAST_MATH = YES;
				SDKROOT = iphoneos;
				SWIFT_COMPILATION_MODE = wholemodule;
				SWIFT_OPTIMIZATION_LEVEL = "-O";
				VALIDATE_PRODUCT = YES;
			};
			name = Release;
		};
		B681D468238E173F002DDBB4 /* Debug */ = {
			isa = XCBuildConfiguration;
			baseConfigurationReference = 42A8E27CAEBA37EE99378928 /* Pods-RWAutoTagViewSwiftDemo.debug.xcconfig */;
			buildSettings = {
				ASSETCATALOG_COMPILER_APPICON_NAME = AppIcon;
				CODE_SIGN_STYLE = Automatic;
				CURRENT_PROJECT_VERSION = 1.0.0;
				DEVELOPMENT_TEAM = WMQ2G56729;
				INFOPLIST_FILE = RWAutoTagViewSwiftDemo/Info.plist;
				IPHONEOS_DEPLOYMENT_TARGET = 9.0;
				LD_RUNPATH_SEARCH_PATHS = (
					"$(inherited)",
					"@executable_path/Frameworks",
				);
				MARKETING_VERSION = 1.0.0;
				PRODUCT_BUNDLE_IDENTIFIER = come.yinglan.RWAutoTagViewSwiftDemo;
				PRODUCT_NAME = "$(TARGET_NAME)";
				SWIFT_VERSION = 5.0;
				TARGETED_DEVICE_FAMILY = "1,2";
			};
			name = Debug;
		};
		B681D469238E173F002DDBB4 /* Release */ = {
			isa = XCBuildConfiguration;
			baseConfigurationReference = 8619500866376287C8FC6E74 /* Pods-RWAutoTagViewSwiftDemo.release.xcconfig */;
			buildSettings = {
				ASSETCATALOG_COMPILER_APPICON_NAME = AppIcon;
				CODE_SIGN_STYLE = Automatic;
				CURRENT_PROJECT_VERSION = 1.0.0;
				DEVELOPMENT_TEAM = WMQ2G56729;
				INFOPLIST_FILE = RWAutoTagViewSwiftDemo/Info.plist;
				IPHONEOS_DEPLOYMENT_TARGET = 9.0;
				LD_RUNPATH_SEARCH_PATHS = (
					"$(inherited)",
					"@executable_path/Frameworks",
				);
				MARKETING_VERSION = 1.0.0;
				PRODUCT_BUNDLE_IDENTIFIER = come.yinglan.RWAutoTagViewSwiftDemo;
				PRODUCT_NAME = "$(TARGET_NAME)";
				SWIFT_VERSION = 5.0;
				TARGETED_DEVICE_FAMILY = "1,2";
			};
			name = Release;
		};
/* End XCBuildConfiguration section */

/* Begin XCConfigurationList section */
		B681D44E238E173C002DDBB4 /* Build configuration list for PBXProject "RWAutoTagViewSwiftDemo" */ = {
			isa = XCConfigurationList;
			buildConfigurations = (
				B681D465238E173F002DDBB4 /* Debug */,
				B681D466238E173F002DDBB4 /* Release */,
			);
			defaultConfigurationIsVisible = 0;
			defaultConfigurationName = Release;
		};
		B681D467238E173F002DDBB4 /* Build configuration list for PBXNativeTarget "RWAutoTagViewSwiftDemo" */ = {
			isa = XCConfigurationList;
			buildConfigurations = (
				B681D468238E173F002DDBB4 /* Debug */,
				B681D469238E173F002DDBB4 /* Release */,
			);
			defaultConfigurationIsVisible = 0;
			defaultConfigurationName = Release;
		};
/* End XCConfigurationList section */
	};
	rootObject = B681D44B238E173C002DDBB4 /* Project object */;
}
